{
  "object": {
    "pins": [
      {
        "package": "NWWebSocket",
        "repositoryURL": "https://github.com/AlexyIbrahim/NWWebSocket.git",
        "state": {
          "branch": null,
          "revision": "ac77b24a830bb5dd416beb3b6638b124db0fc354",
          "version": "0.5.5"
        }
      },
      {
        "package": "TweetNacl",
        "repositoryURL": "https://github.com/AlexyIbrahim/tweetnacl-swiftwrap.git",
        "state": {
          "branch": null,
          "revision": "ac66901c4f34240e8a93a4742a7d0f5188119055",
          "version": "1.1.4"
        }
      }
    ]
  },
  "version": 1
}
