{
  "object": {
    "pins": [
      {
        "package": "NWWebSocket",
        "repositoryURL": "https://github.com/AlexyIbrahim/NWWebSocket.git",
        "state": {
          "branch": null,
          "revision": "19d23951c8099304ad98e2fc762fa23d6bfab0b9",
          "version": "0.5.3"
        }
      },
      {
        "package": "TweetNacl",
        "repositoryURL": "https://github.com/AlexyIbrahim/tweetnacl-swiftwrap.git",
        "state": {
          "branch": null,
          "revision": "3aac25fb7ff1cb565b2c636fd2b91a8a7959e1a7",
          "version": "1.1.1"
        }
      }
    ]
  },
  "version": 1
}
